Microsoft Visual Studio Solution File, Format Version 11.00
# Visual Studio 2008

Project("{F55E374F-1583-7B43-F4CC-1B05C04B3B59}") = "Commerce Reality", "Assembly-CSharp.csproj", "{CF0FEDD6-84EF-CECA-8B95-686294918EF3}"
EndProject
Project("{F55E374F-1583-7B43-F4CC-1B05C04B3B59}") = "Commerce Reality", "Assembly-CSharp-Editor.csproj", "{9737F287-A2E5-C779-29BA-F470AABF9DDF}"
EndProject
Global
	GlobalSection(SolutionConfigurationPlatforms) = preSolution
		Debug|Any CPU = Debug|Any CPU
		Release|Any CPU = Release|Any CPU
	EndGlobalSection
	GlobalSection(ProjectConfigurationPlatforms) = postSolution
		{CF0FEDD6-84EF-CECA-8B95-686294918EF3}.Debug|Any CPU.ActiveCfg = Debug|Any CPU
		{CF0FEDD6-84EF-CECA-8B95-686294918EF3}.Debug|Any CPU.Build.0 = Debug|Any CPU
		{CF0FEDD6-84EF-CECA-8B95-686294918EF3}.Release|Any CPU.ActiveCfg = Release|Any CPU
		{CF0FEDD6-84EF-CECA-8B95-686294918EF3}.Release|Any CPU.Build.0 = Release|Any CPU
		{9737F287-A2E5-C779-29BA-F470AABF9DDF}.Debug|Any CPU.ActiveCfg = Debug|Any CPU
		{9737F287-A2E5-C779-29BA-F470AABF9DDF}.Debug|Any CPU.Build.0 = Debug|Any CPU
		{9737F287-A2E5-C779-29BA-F470AABF9DDF}.Release|Any CPU.ActiveCfg = Release|Any CPU
		{9737F287-A2E5-C779-29BA-F470AABF9DDF}.Release|Any CPU.Build.0 = Release|Any CPU
	EndGlobalSection
	GlobalSection(SolutionProperties) = preSolution
		HideSolutionNode = FALSE
	EndGlobalSection
	GlobalSection(MonoDevelopProperties) = preSolution
		StartupItem = Assembly-CSharp.csproj
	EndGlobalSection
EndGlobal
